
Microsoft Visual Studio Solution File, Format Version 12.00
# Visual Studio Version 17
VisualStudioVersion = 17.13.35828.75 d17.13
MinimumVisualStudioVersion = 10.0.40219.1
Project("{FAE04EC0-301F-11D3-BF4B-00C04F79EFBC}") = "E-Commerce.Web", "E-Commerce.Web\E-Commerce.Web.csproj", "{C4501481-D167-4E82-BC8E-51F3DA777C9F}"
EndProject
Global
	GlobalSection(SolutionConfigurationPlatforms) = preSolution
		Debug|Any CPU = Debug|Any CPU
		Release|Any CPU = Release|Any CPU
	EndGlobalSection
	GlobalSection(ProjectConfigurationPlatforms) = postSolution
		{C4501481-D167-4E82-BC8E-51F3DA777C9F}.Debug|Any CPU.ActiveCfg = Debug|Any CPU
		{C4501481-D167-4E82-BC8E-51F3DA777C9F}.Debug|Any CPU.Build.0 = Debug|Any CPU
		{C4501481-D167-4E82-BC8E-51F3DA777C9F}.Release|Any CPU.ActiveCfg = Release|Any CPU
		{C4501481-D167-4E82-BC8E-51F3DA777C9F}.Release|Any CPU.Build.0 = Release|Any CPU
	EndGlobalSection
	GlobalSection(SolutionProperties) = preSolution
		HideSolutionNode = FALSE
	EndGlobalSection
	GlobalSection(ExtensibilityGlobals) = postSolution
		SolutionGuid = {3945D49B-B45A-46B3-90C7-97FD0EF648EF}
	EndGlobalSection
EndGlobal
